
Microsoft Visual Studio Solution File, Format Version 12.00
# Visual Studio Version 17
VisualStudioVersion = 17.7.34202.233
MinimumVisualStudioVersion = 10.0.40219.1
Project("{9A19103F-16F7-4668-BE54-9A1E7A4F7556}") = "Veronica.Sandbox.WS", "Veronica.Sandbox.WS.csproj", "{67A2F4EB-1F35-4696-ACE5-9B9B86D88E61}"
EndProject
Global
	GlobalSection(SolutionConfigurationPlatforms) = preSolution
		Debug|Any CPU = Debug|Any CPU
		Release|Any CPU = Release|Any CPU
	EndGlobalSection
	GlobalSection(ProjectConfigurationPlatforms) = postSolution
		{67A2F4EB-1F35-4696-ACE5-9B9B86D88E61}.Debug|Any CPU.ActiveCfg = Debug|Any CPU
		{67A2F4EB-1F35-4696-ACE5-9B9B86D88E61}.Debug|Any CPU.Build.0 = Debug|Any CPU
		{67A2F4EB-1F35-4696-ACE5-9B9B86D88E61}.Release|Any CPU.ActiveCfg = Release|Any CPU
		{67A2F4EB-1F35-4696-ACE5-9B9B86D88E61}.Release|Any CPU.Build.0 = Release|Any CPU
	EndGlobalSection
	GlobalSection(SolutionProperties) = preSolution
		HideSolutionNode = FALSE
	EndGlobalSection
	GlobalSection(ExtensibilityGlobals) = postSolution
		SolutionGuid = {116DE83A-995F-43EC-892C-9D0CA040DBD1}
	EndGlobalSection
EndGlobal
